
Microsoft Visual Studio Solution File, Format Version 12.00
# Visual Studio 14
VisualStudioVersion = 14.0.25420.1
MinimumVisualStudioVersion = 10.0.40219.1
Project("{FAE04EC0-301F-11D3-BF4B-00C04F79EFBC}") = "ClassLib", "ClassLib\ClassLib.csproj", "{48E6F123-7F8A-4907-94DB-E1208FF517F0}"
EndProject
Project("{FAE04EC0-301F-11D3-BF4B-00C04F79EFBC}") = "TestMyClass", "TestMyClass\TestMyClass.csproj", "{BBE54F96-A851-41A7-A596-22511A0378A3}"
EndProject
Project("{FAE04EC0-301F-11D3-BF4B-00C04F79EFBC}") = "ClassLibTestProject", "UnitTestClass\ClassLibTestProject.csproj", "{ED007810-69BD-45CE-B7E4-BBB4C0AE7B3A}"
EndProject
Global
	GlobalSection(SolutionConfigurationPlatforms) = preSolution
		Debug|Any CPU = Debug|Any CPU
		Release|Any CPU = Release|Any CPU
	EndGlobalSection
	GlobalSection(ProjectConfigurationPlatforms) = postSolution
		{48E6F123-7F8A-4907-94DB-E1208FF517F0}.Debug|Any CPU.ActiveCfg = Debug|Any CPU
		{48E6F123-7F8A-4907-94DB-E1208FF517F0}.Debug|Any CPU.Build.0 = Debug|Any CPU
		{48E6F123-7F8A-4907-94DB-E1208FF517F0}.Release|Any CPU.ActiveCfg = Release|Any CPU
		{48E6F123-7F8A-4907-94DB-E1208FF517F0}.Release|Any CPU.Build.0 = Release|Any CPU
		{BBE54F96-A851-41A7-A596-22511A0378A3}.Debug|Any CPU.ActiveCfg = Debug|Any CPU
		{BBE54F96-A851-41A7-A596-22511A0378A3}.Debug|Any CPU.Build.0 = Debug|Any CPU
		{BBE54F96-A851-41A7-A596-22511A0378A3}.Release|Any CPU.ActiveCfg = Release|Any CPU
		{BBE54F96-A851-41A7-A596-22511A0378A3}.Release|Any CPU.Build.0 = Release|Any CPU
		{ED007810-69BD-45CE-B7E4-BBB4C0AE7B3A}.Debug|Any CPU.ActiveCfg = Debug|Any CPU
		{ED007810-69BD-45CE-B7E4-BBB4C0AE7B3A}.Debug|Any CPU.Build.0 = Debug|Any CPU
		{ED007810-69BD-45CE-B7E4-BBB4C0AE7B3A}.Release|Any CPU.ActiveCfg = Release|Any CPU
		{ED007810-69BD-45CE-B7E4-BBB4C0AE7B3A}.Release|Any CPU.Build.0 = Release|Any CPU
	EndGlobalSection
	GlobalSection(SolutionProperties) = preSolution
		HideSolutionNode = FALSE
	EndGlobalSection
EndGlobal
